
Microsoft Visual Studio Solution File, Format Version 12.00
# Visual Studio 15
VisualStudioVersion = 15.0.27130.2036
MinimumVisualStudioVersion = 10.0.40219.1
Project("{FAE04EC0-301F-11D3-BF4B-00C04F79EFBC}") = "Larrgestfivenumbers", "Larrgestfivenumbers\Larrgestfivenumbers.csproj", "{5C29EA81-5C7E-48EB-BA0C-925F3FEB7406}"
EndProject
Global
	GlobalSection(SolutionConfigurationPlatforms) = preSolution
		Debug|Any CPU = Debug|Any CPU
		Release|Any CPU = Release|Any CPU
	EndGlobalSection
	GlobalSection(ProjectConfigurationPlatforms) = postSolution
		{5C29EA81-5C7E-48EB-BA0C-925F3FEB7406}.Debug|Any CPU.ActiveCfg = Debug|Any CPU
		{5C29EA81-5C7E-48EB-BA0C-925F3FEB7406}.Debug|Any CPU.Build.0 = Debug|Any CPU
		{5C29EA81-5C7E-48EB-BA0C-925F3FEB7406}.Release|Any CPU.ActiveCfg = Release|Any CPU
		{5C29EA81-5C7E-48EB-BA0C-925F3FEB7406}.Release|Any CPU.Build.0 = Release|Any CPU
	EndGlobalSection
	GlobalSection(SolutionProperties) = preSolution
		HideSolutionNode = FALSE
	EndGlobalSection
	GlobalSection(ExtensibilityGlobals) = postSolution
		SolutionGuid = {C883AE49-5B66-4DAF-BB6D-8B3C40EF320D}
	EndGlobalSection
EndGlobal
